{
  "lockfileVersion": 1,
  "configVersion": 1,
  "workspaces": {
    "": {
      "dependencies": {
        "cytoscape": "^3.33.3",
        "cytoscape-fcose": "^2.2.0",
      },
      "devDependencies": {
        "@types/cytoscape": "^3.31.0",
      },
    },
  },
  "packages": {
    "@types/cytoscape": ["@types/cytoscape@3.31.0", "", { "dependencies": { "cytoscape": "*" } }, "sha512-EXHOHxqQjGxLDEh5cP4te6J0bi7LbCzmZkzsR6f703igUac8UGMdEohMyU3GHAayCTZrLQOMnaE/lqB2Ekh8Ww=="],

    "cose-base": ["cose-base@2.2.0", "", { "dependencies": { "layout-base": "^2.0.0" } }, "sha512-AzlgcsCbUMymkADOJtQm3wO9S3ltPfYOFD5033keQn9NJzIbtnZj+UdBJe7DYml/8TdbtHJW3j58SOnKhWY/5g=="],

    "cytoscape": ["cytoscape@3.33.3", "", {}, "sha512-Gej7U+OKR+LZ8kvX7rb2HhCYJ0IhvEFsnkud4SB1PR+BUY/TsSO0dmOW59WEVLu51b1Rm+gQRKoz4bLYxGSZ2g=="],

    "cytoscape-fcose": ["cytoscape-fcose@2.2.0", "", { "dependencies": { "cose-base": "^2.2.0" }, "peerDependencies": { "cytoscape": "^3.2.0" } }, "sha512-ki1/VuRIHFCzxWNrsshHYPs6L7TvLu3DL+TyIGEsRcvVERmxokbf5Gdk7mFxZnTdiGtnA4cfSmjZJMviqSuZrQ=="],

    "layout-base": ["layout-base@2.0.1", "", {}, "sha512-dp3s92+uNI1hWIpPGH3jK2kxE2lMjdXdr+DH8ynZHpd6PUlH6x6cbuXnoMmiNumznqaNO31xu9e79F0uuZ0JFg=="],
  }
}
